
Microsoft Visual Studio Solution File, Format Version 12.00
# Visual Studio Version 17
VisualStudioVersion = 17.0.31903.59
MinimumVisualStudioVersion = 10.0.40219.1
Project("{2150E333-8FDC-42A3-9474-1A3956D46DE8}") = "tests", "tests", "{0AB3BF05-4346-4AA6-1389-037BE0695223}"
EndProject
Project("{FAE04EC0-301F-11D3-BF4B-00C04F79EFBC}") = "BabelStudio.Benchmarks.Tests", "tests\BabelStudio.Benchmarks.Tests\BabelStudio.Benchmarks.Tests.csproj", "{0BC4E813-58E3-44FA-B196-641F11ABE59D}"
EndProject
Project("{FAE04EC0-301F-11D3-BF4B-00C04F79EFBC}") = "BabelStudio.Inference.Tests", "tests\BabelStudio.Inference.Tests\BabelStudio.Inference.Tests.csproj", "{6F4AA835-7D6C-4B91-8D0A-0D18D4DD0E57}"
EndProject
Project("{2150E333-8FDC-42A3-9474-1A3956D46DE8}") = "src", "src", "{827E0CD3-B72D-47B6-A68D-7590B98EB39B}"
EndProject
Project("{FAE04EC0-301F-11D3-BF4B-00C04F79EFBC}") = "BabelStudio.Domain", "src\BabelStudio.Domain\BabelStudio.Domain.csproj", "{EAEC73D7-5EE6-4AB7-A578-41BA02FEF5EB}"
EndProject
Project("{FAE04EC0-301F-11D3-BF4B-00C04F79EFBC}") = "BabelStudio.Inference", "src\BabelStudio.Inference\BabelStudio.Inference.csproj", "{B89061D2-1634-4573-923A-26C29E671D54}"
EndProject
Project("{FAE04EC0-301F-11D3-BF4B-00C04F79EFBC}") = "BabelStudio.Inference.Onnx", "src\BabelStudio.Inference.Onnx\BabelStudio.Inference.Onnx.csproj", "{D679C6EE-EE8C-4DD2-BFD7-5D538C74EBAF}"
EndProject
Project("{FAE04EC0-301F-11D3-BF4B-00C04F79EFBC}") = "BabelStudio.Benchmarks", "src\BabelStudio.Benchmarks\BabelStudio.Benchmarks.csproj", "{BDA290B9-3A17-428D-8EC0-8B563A11979F}"
EndProject
Project("{FAE04EC0-301F-11D3-BF4B-00C04F79EFBC}") = "BabelStudio.Infrastructure", "src\BabelStudio.Infrastructure\BabelStudio.Infrastructure.csproj", "{B7CB65E2-82DB-4F28-8FB8-8D018DBEFA5B}"
EndProject
Project("{FAE04EC0-301F-11D3-BF4B-00C04F79EFBC}") = "BabelStudio.Application", "src\BabelStudio.Application\BabelStudio.Application.csproj", "{7E552674-AFB6-4DAA-BDF4-B3A06F9584E7}"
EndProject
Project("{FAE04EC0-301F-11D3-BF4B-00C04F79EFBC}") = "BabelStudio.Domain.Tests", "tests\BabelStudio.Domain.Tests\BabelStudio.Domain.Tests.csproj", "{C307B044-F4D8-48C9-90A2-C474577A00EB}"
EndProject
Project("{FAE04EC0-301F-11D3-BF4B-00C04F79EFBC}") = "BabelStudio.Infrastructure.Tests", "tests\BabelStudio.Infrastructure.Tests\BabelStudio.Infrastructure.Tests.csproj", "{1E750EE8-B7F2-480A-AD3B-AC5A9510865D}"
EndProject
Project("{FAE04EC0-301F-11D3-BF4B-00C04F79EFBC}") = "BabelStudio.Tools", "src\BabelStudio.Tools\BabelStudio.Tools.csproj", "{4545AF62-60A0-4D8F-B645-1BE73629707B}"
EndProject
Project("{FAE04EC0-301F-11D3-BF4B-00C04F79EFBC}") = "BabelStudio.App", "src\BabelStudio.App\BabelStudio.App.csproj", "{BF9617B3-7A70-4FF6-9230-9FD2C8DE84DE}"
EndProject
Project("{FAE04EC0-301F-11D3-BF4B-00C04F79EFBC}") = "BabelStudio.Composition", "src\BabelStudio.Composition\BabelStudio.Composition.csproj", "{5BEB990F-ABDF-47D6-ABE1-84FE8E95B6EA}"
EndProject
Project("{FAE04EC0-301F-11D3-BF4B-00C04F79EFBC}") = "BabelStudio.Media", "src\BabelStudio.Media\BabelStudio.Media.csproj", "{3DCDBD7C-58D4-465E-89BB-DF53B8CECB9F}"
EndProject
Project("{FAE04EC0-301F-11D3-BF4B-00C04F79EFBC}") = "BabelStudio.Media.Playback", "src\BabelStudio.Media.Playback\BabelStudio.Media.Playback.csproj", "{F4D4F1A8-7E43-4708-9AB0-D1BA1D6F4B2A}"
EndProject
Project("{FAE04EC0-301F-11D3-BF4B-00C04F79EFBC}") = "BabelStudio.Application.Tests", "tests\BabelStudio.Application.Tests\BabelStudio.Application.Tests.csproj", "{A1293F1E-6743-4641-8ACC-E266351A436C}"
EndProject
Project("{FAE04EC0-301F-11D3-BF4B-00C04F79EFBC}") = "BabelStudio.Media.Tests", "tests\BabelStudio.Media.Tests\BabelStudio.Media.Tests.csproj", "{27EA1132-8F80-4B1C-A49E-606A71507786}"
EndProject
Project("{FAE04EC0-301F-11D3-BF4B-00C04F79EFBC}") = "BabelStudio.Contracts", "src\BabelStudio.Contracts\BabelStudio.Contracts.csproj", "{09870550-091B-4B9B-BC9B-B2123BB7E7ED}"
EndProject
Project("{FAE04EC0-301F-11D3-BF4B-00C04F79EFBC}") = "BabelStudio.App.Tests", "tests\BabelStudio.App.Tests\BabelStudio.App.Tests.csproj", "{03618EB1-2731-447E-A882-96B13F0D55F2}"
EndProject
Global
	GlobalSection(SolutionConfigurationPlatforms) = preSolution
		Debug|Any CPU = Debug|Any CPU
		Debug|x64 = Debug|x64
		Debug|x86 = Debug|x86
		Release|Any CPU = Release|Any CPU
		Release|x64 = Release|x64
		Release|x86 = Release|x86
	EndGlobalSection
	GlobalSection(ProjectConfigurationPlatforms) = postSolution
		{0BC4E813-58E3-44FA-B196-641F11ABE59D}.Debug|Any CPU.ActiveCfg = Debug|Any CPU
		{0BC4E813-58E3-44FA-B196-641F11ABE59D}.Debug|Any CPU.Build.0 = Debug|Any CPU
		{0BC4E813-58E3-44FA-B196-641F11ABE59D}.Debug|x64.ActiveCfg = Debug|Any CPU
		{0BC4E813-58E3-44FA-B196-641F11ABE59D}.Debug|x64.Build.0 = Debug|Any CPU
		{0BC4E813-58E3-44FA-B196-641F11ABE59D}.Debug|x86.ActiveCfg = Debug|Any CPU
		{0BC4E813-58E3-44FA-B196-641F11ABE59D}.Debug|x86.Build.0 = Debug|Any CPU
		{0BC4E813-58E3-44FA-B196-641F11ABE59D}.Release|Any CPU.ActiveCfg = Release|Any CPU
		{0BC4E813-58E3-44FA-B196-641F11ABE59D}.Release|Any CPU.Build.0 = Release|Any CPU
		{0BC4E813-58E3-44FA-B196-641F11ABE59D}.Release|x64.ActiveCfg = Release|Any CPU
		{0BC4E813-58E3-44FA-B196-641F11ABE59D}.Release|x64.Build.0 = Release|Any CPU
		{0BC4E813-58E3-44FA-B196-641F11ABE59D}.Release|x86.ActiveCfg = Release|Any CPU
		{0BC4E813-58E3-44FA-B196-641F11ABE59D}.Release|x86.Build.0 = Release|Any CPU
		{6F4AA835-7D6C-4B91-8D0A-0D18D4DD0E57}.Debug|Any CPU.ActiveCfg = Debug|Any CPU
		{6F4AA835-7D6C-4B91-8D0A-0D18D4DD0E57}.Debug|Any CPU.Build.0 = Debug|Any CPU
		{6F4AA835-7D6C-4B91-8D0A-0D18D4DD0E57}.Debug|x64.ActiveCfg = Debug|Any CPU
		{6F4AA835-7D6C-4B91-8D0A-0D18D4DD0E57}.Debug|x64.Build.0 = Debug|Any CPU
		{6F4AA835-7D6C-4B91-8D0A-0D18D4DD0E57}.Debug|x86.ActiveCfg = Debug|Any CPU
		{6F4AA835-7D6C-4B91-8D0A-0D18D4DD0E57}.Debug|x86.Build.0 = Debug|Any CPU
		{6F4AA835-7D6C-4B91-8D0A-0D18D4DD0E57}.Release|Any CPU.ActiveCfg = Release|Any CPU
		{6F4AA835-7D6C-4B91-8D0A-0D18D4DD0E57}.Release|Any CPU.Build.0 = Release|Any CPU
		{6F4AA835-7D6C-4B91-8D0A-0D18D4DD0E57}.Release|x64.ActiveCfg = Release|Any CPU
		{6F4AA835-7D6C-4B91-8D0A-0D18D4DD0E57}.Release|x64.Build.0 = Release|Any CPU
		{6F4AA835-7D6C-4B91-8D0A-0D18D4DD0E57}.Release|x86.ActiveCfg = Release|Any CPU
		{6F4AA835-7D6C-4B91-8D0A-0D18D4DD0E57}.Release|x86.Build.0 = Release|Any CPU
		{EAEC73D7-5EE6-4AB7-A578-41BA02FEF5EB}.Debug|Any CPU.ActiveCfg = Debug|Any CPU
		{EAEC73D7-5EE6-4AB7-A578-41BA02FEF5EB}.Debug|Any CPU.Build.0 = Debug|Any CPU
		{EAEC73D7-5EE6-4AB7-A578-41BA02FEF5EB}.Debug|x64.ActiveCfg = Debug|Any CPU
		{EAEC73D7-5EE6-4AB7-A578-41BA02FEF5EB}.Debug|x64.Build.0 = Debug|Any CPU
		{EAEC73D7-5EE6-4AB7-A578-41BA02FEF5EB}.Debug|x86.ActiveCfg = Debug|Any CPU
		{EAEC73D7-5EE6-4AB7-A578-41BA02FEF5EB}.Debug|x86.Build.0 = Debug|Any CPU
		{EAEC73D7-5EE6-4AB7-A578-41BA02FEF5EB}.Release|Any CPU.ActiveCfg = Release|Any CPU
		{EAEC73D7-5EE6-4AB7-A578-41BA02FEF5EB}.Release|Any CPU.Build.0 = Release|Any CPU
		{EAEC73D7-5EE6-4AB7-A578-41BA02FEF5EB}.Release|x64.ActiveCfg = Release|Any CPU
		{EAEC73D7-5EE6-4AB7-A578-41BA02FEF5EB}.Release|x64.Build.0 = Release|Any CPU
		{EAEC73D7-5EE6-4AB7-A578-41BA02FEF5EB}.Release|x86.ActiveCfg = Release|Any CPU
		{EAEC73D7-5EE6-4AB7-A578-41BA02FEF5EB}.Release|x86.Build.0 = Release|Any CPU
		{B89061D2-1634-4573-923A-26C29E671D54}.Debug|Any CPU.ActiveCfg = Debug|Any CPU
		{B89061D2-1634-4573-923A-26C29E671D54}.Debug|Any CPU.Build.0 = Debug|Any CPU
		{B89061D2-1634-4573-923A-26C29E671D54}.Debug|x64.ActiveCfg = Debug|Any CPU
		{B89061D2-1634-4573-923A-26C29E671D54}.Debug|x64.Build.0 = Debug|Any CPU
		{B89061D2-1634-4573-923A-26C29E671D54}.Debug|x86.ActiveCfg = Debug|Any CPU
		{B89061D2-1634-4573-923A-26C29E671D54}.Debug|x86.Build.0 = Debug|Any CPU
		{B89061D2-1634-4573-923A-26C29E671D54}.Release|Any CPU.ActiveCfg = Release|Any CPU
		{B89061D2-1634-4573-923A-26C29E671D54}.Release|Any CPU.Build.0 = Release|Any CPU
		{B89061D2-1634-4573-923A-26C29E671D54}.Release|x64.ActiveCfg = Release|Any CPU
		{B89061D2-1634-4573-923A-26C29E671D54}.Release|x64.Build.0 = Release|Any CPU
		{B89061D2-1634-4573-923A-26C29E671D54}.Release|x86.ActiveCfg = Release|Any CPU
		{B89061D2-1634-4573-923A-26C29E671D54}.Release|x86.Build.0 = Release|Any CPU
		{D679C6EE-EE8C-4DD2-BFD7-5D538C74EBAF}.Debug|Any CPU.ActiveCfg = Debug|Any CPU
		{D679C6EE-EE8C-4DD2-BFD7-5D538C74EBAF}.Debug|Any CPU.Build.0 = Debug|Any CPU
		{D679C6EE-EE8C-4DD2-BFD7-5D538C74EBAF}.Debug|x64.ActiveCfg = Debug|Any CPU
		{D679C6EE-EE8C-4DD2-BFD7-5D538C74EBAF}.Debug|x64.Build.0 = Debug|Any CPU
		{D679C6EE-EE8C-4DD2-BFD7-5D538C74EBAF}.Debug|x86.ActiveCfg = Debug|Any CPU
		{D679C6EE-EE8C-4DD2-BFD7-5D538C74EBAF}.Debug|x86.Build.0 = Debug|Any CPU
		{D679C6EE-EE8C-4DD2-BFD7-5D538C74EBAF}.Release|Any CPU.ActiveCfg = Release|Any CPU
		{D679C6EE-EE8C-4DD2-BFD7-5D538C74EBAF}.Release|Any CPU.Build.0 = Release|Any CPU
		{D679C6EE-EE8C-4DD2-BFD7-5D538C74EBAF}.Release|x64.ActiveCfg = Release|Any CPU
		{D679C6EE-EE8C-4DD2-BFD7-5D538C74EBAF}.Release|x64.Build.0 = Release|Any CPU
		{D679C6EE-EE8C-4DD2-BFD7-5D538C74EBAF}.Release|x86.ActiveCfg = Release|Any CPU
		{D679C6EE-EE8C-4DD2-BFD7-5D538C74EBAF}.Release|x86.Build.0 = Release|Any CPU
		{BDA290B9-3A17-428D-8EC0-8B563A11979F}.Debug|Any CPU.ActiveCfg = Debug|Any CPU
		{BDA290B9-3A17-428D-8EC0-8B563A11979F}.Debug|Any CPU.Build.0 = Debug|Any CPU
		{BDA290B9-3A17-428D-8EC0-8B563A11979F}.Debug|x64.ActiveCfg = Debug|Any CPU
		{BDA290B9-3A17-428D-8EC0-8B563A11979F}.Debug|x64.Build.0 = Debug|Any CPU
		{BDA290B9-3A17-428D-8EC0-8B563A11979F}.Debug|x86.ActiveCfg = Debug|Any CPU
		{BDA290B9-3A17-428D-8EC0-8B563A11979F}.Debug|x86.Build.0 = Debug|Any CPU
		{BDA290B9-3A17-428D-8EC0-8B563A11979F}.Release|Any CPU.ActiveCfg = Release|Any CPU
		{BDA290B9-3A17-428D-8EC0-8B563A11979F}.Release|Any CPU.Build.0 = Release|Any CPU
		{BDA290B9-3A17-428D-8EC0-8B563A11979F}.Release|x64.ActiveCfg = Release|Any CPU
		{BDA290B9-3A17-428D-8EC0-8B563A11979F}.Release|x64.Build.0 = Release|Any CPU
		{BDA290B9-3A17-428D-8EC0-8B563A11979F}.Release|x86.ActiveCfg = Release|Any CPU
		{BDA290B9-3A17-428D-8EC0-8B563A11979F}.Release|x86.Build.0 = Release|Any CPU
		{B7CB65E2-82DB-4F28-8FB8-8D018DBEFA5B}.Debug|Any CPU.ActiveCfg = Debug|Any CPU
		{B7CB65E2-82DB-4F28-8FB8-8D018DBEFA5B}.Debug|Any CPU.Build.0 = Debug|Any CPU
		{B7CB65E2-82DB-4F28-8FB8-8D018DBEFA5B}.Debug|x64.ActiveCfg = Debug|Any CPU
		{B7CB65E2-82DB-4F28-8FB8-8D018DBEFA5B}.Debug|x64.Build.0 = Debug|Any CPU
		{B7CB65E2-82DB-4F28-8FB8-8D018DBEFA5B}.Debug|x86.ActiveCfg = Debug|Any CPU
		{B7CB65E2-82DB-4F28-8FB8-8D018DBEFA5B}.Debug|x86.Build.0 = Debug|Any CPU
		{B7CB65E2-82DB-4F28-8FB8-8D018DBEFA5B}.Release|Any CPU.ActiveCfg = Release|Any CPU
		{B7CB65E2-82DB-4F28-8FB8-8D018DBEFA5B}.Release|Any CPU.Build.0 = Release|Any CPU
		{B7CB65E2-82DB-4F28-8FB8-8D018DBEFA5B}.Release|x64.ActiveCfg = Release|Any CPU
		{B7CB65E2-82DB-4F28-8FB8-8D018DBEFA5B}.Release|x64.Build.0 = Release|Any CPU
		{B7CB65E2-82DB-4F28-8FB8-8D018DBEFA5B}.Release|x86.ActiveCfg = Release|Any CPU
		{B7CB65E2-82DB-4F28-8FB8-8D018DBEFA5B}.Release|x86.Build.0 = Release|Any CPU
		{7E552674-AFB6-4DAA-BDF4-B3A06F9584E7}.Debug|Any CPU.ActiveCfg = Debug|Any CPU
		{7E552674-AFB6-4DAA-BDF4-B3A06F9584E7}.Debug|Any CPU.Build.0 = Debug|Any CPU
		{7E552674-AFB6-4DAA-BDF4-B3A06F9584E7}.Debug|x64.ActiveCfg = Debug|Any CPU
		{7E552674-AFB6-4DAA-BDF4-B3A06F9584E7}.Debug|x64.Build.0 = Debug|Any CPU
		{7E552674-AFB6-4DAA-BDF4-B3A06F9584E7}.Debug|x86.ActiveCfg = Debug|Any CPU
		{7E552674-AFB6-4DAA-BDF4-B3A06F9584E7}.Debug|x86.Build.0 = Debug|Any CPU
		{7E552674-AFB6-4DAA-BDF4-B3A06F9584E7}.Release|Any CPU.ActiveCfg = Release|Any CPU
		{7E552674-AFB6-4DAA-BDF4-B3A06F9584E7}.Release|Any CPU.Build.0 = Release|Any CPU
		{7E552674-AFB6-4DAA-BDF4-B3A06F9584E7}.Release|x64.ActiveCfg = Release|Any CPU
		{7E552674-AFB6-4DAA-BDF4-B3A06F9584E7}.Release|x64.Build.0 = Release|Any CPU
		{7E552674-AFB6-4DAA-BDF4-B3A06F9584E7}.Release|x86.ActiveCfg = Release|Any CPU
		{7E552674-AFB6-4DAA-BDF4-B3A06F9584E7}.Release|x86.Build.0 = Release|Any CPU
		{C307B044-F4D8-48C9-90A2-C474577A00EB}.Debug|Any CPU.ActiveCfg = Debug|Any CPU
		{C307B044-F4D8-48C9-90A2-C474577A00EB}.Debug|Any CPU.Build.0 = Debug|Any CPU
		{C307B044-F4D8-48C9-90A2-C474577A00EB}.Debug|x64.ActiveCfg = Debug|Any CPU
		{C307B044-F4D8-48C9-90A2-C474577A00EB}.Debug|x64.Build.0 = Debug|Any CPU
		{C307B044-F4D8-48C9-90A2-C474577A00EB}.Debug|x86.ActiveCfg = Debug|Any CPU
		{C307B044-F4D8-48C9-90A2-C474577A00EB}.Debug|x86.Build.0 = Debug|Any CPU
		{C307B044-F4D8-48C9-90A2-C474577A00EB}.Release|Any CPU.ActiveCfg = Release|Any CPU
		{C307B044-F4D8-48C9-90A2-C474577A00EB}.Release|Any CPU.Build.0 = Release|Any CPU
		{C307B044-F4D8-48C9-90A2-C474577A00EB}.Release|x64.ActiveCfg = Release|Any CPU
		{C307B044-F4D8-48C9-90A2-C474577A00EB}.Release|x64.Build.0 = Release|Any CPU
		{C307B044-F4D8-48C9-90A2-C474577A00EB}.Release|x86.ActiveCfg = Release|Any CPU
		{C307B044-F4D8-48C9-90A2-C474577A00EB}.Release|x86.Build.0 = Release|Any CPU
		{1E750EE8-B7F2-480A-AD3B-AC5A9510865D}.Debug|Any CPU.ActiveCfg = Debug|Any CPU
		{1E750EE8-B7F2-480A-AD3B-AC5A9510865D}.Debug|Any CPU.Build.0 = Debug|Any CPU
		{1E750EE8-B7F2-480A-AD3B-AC5A9510865D}.Debug|x64.ActiveCfg = Debug|Any CPU
		{1E750EE8-B7F2-480A-AD3B-AC5A9510865D}.Debug|x64.Build.0 = Debug|Any CPU
		{1E750EE8-B7F2-480A-AD3B-AC5A9510865D}.Debug|x86.ActiveCfg = Debug|Any CPU
		{1E750EE8-B7F2-480A-AD3B-AC5A9510865D}.Debug|x86.Build.0 = Debug|Any CPU
		{1E750EE8-B7F2-480A-AD3B-AC5A9510865D}.Release|Any CPU.ActiveCfg = Release|Any CPU
		{1E750EE8-B7F2-480A-AD3B-AC5A9510865D}.Release|Any CPU.Build.0 = Release|Any CPU
		{1E750EE8-B7F2-480A-AD3B-AC5A9510865D}.Release|x64.ActiveCfg = Release|Any CPU
		{1E750EE8-B7F2-480A-AD3B-AC5A9510865D}.Release|x64.Build.0 = Release|Any CPU
		{1E750EE8-B7F2-480A-AD3B-AC5A9510865D}.Release|x86.ActiveCfg = Release|Any CPU
		{1E750EE8-B7F2-480A-AD3B-AC5A9510865D}.Release|x86.Build.0 = Release|Any CPU
		{4545AF62-60A0-4D8F-B645-1BE73629707B}.Debug|Any CPU.ActiveCfg = Debug|Any CPU
		{4545AF62-60A0-4D8F-B645-1BE73629707B}.Debug|Any CPU.Build.0 = Debug|Any CPU
		{4545AF62-60A0-4D8F-B645-1BE73629707B}.Debug|x64.ActiveCfg = Debug|Any CPU
		{4545AF62-60A0-4D8F-B645-1BE73629707B}.Debug|x64.Build.0 = Debug|Any CPU
		{4545AF62-60A0-4D8F-B645-1BE73629707B}.Debug|x86.ActiveCfg = Debug|Any CPU
		{4545AF62-60A0-4D8F-B645-1BE73629707B}.Debug|x86.Build.0 = Debug|Any CPU
		{4545AF62-60A0-4D8F-B645-1BE73629707B}.Release|Any CPU.ActiveCfg = Release|Any CPU
		{4545AF62-60A0-4D8F-B645-1BE73629707B}.Release|Any CPU.Build.0 = Release|Any CPU
		{4545AF62-60A0-4D8F-B645-1BE73629707B}.Release|x64.ActiveCfg = Release|Any CPU
		{4545AF62-60A0-4D8F-B645-1BE73629707B}.Release|x64.Build.0 = Release|Any CPU
		{4545AF62-60A0-4D8F-B645-1BE73629707B}.Release|x86.ActiveCfg = Release|Any CPU
		{4545AF62-60A0-4D8F-B645-1BE73629707B}.Release|x86.Build.0 = Release|Any CPU
		{BF9617B3-7A70-4FF6-9230-9FD2C8DE84DE}.Debug|Any CPU.ActiveCfg = Debug|x64
		{BF9617B3-7A70-4FF6-9230-9FD2C8DE84DE}.Debug|Any CPU.Build.0 = Debug|x64
		{BF9617B3-7A70-4FF6-9230-9FD2C8DE84DE}.Debug|x64.ActiveCfg = Debug|x64
		{BF9617B3-7A70-4FF6-9230-9FD2C8DE84DE}.Debug|x64.Build.0 = Debug|x64
		{BF9617B3-7A70-4FF6-9230-9FD2C8DE84DE}.Debug|x86.ActiveCfg = Debug|Any CPU
		{BF9617B3-7A70-4FF6-9230-9FD2C8DE84DE}.Debug|x86.Build.0 = Debug|Any CPU
		{BF9617B3-7A70-4FF6-9230-9FD2C8DE84DE}.Release|Any CPU.ActiveCfg = Release|x64
		{BF9617B3-7A70-4FF6-9230-9FD2C8DE84DE}.Release|Any CPU.Build.0 = Release|x64
		{BF9617B3-7A70-4FF6-9230-9FD2C8DE84DE}.Release|x64.ActiveCfg = Release|x64
		{BF9617B3-7A70-4FF6-9230-9FD2C8DE84DE}.Release|x64.Build.0 = Release|x64
		{BF9617B3-7A70-4FF6-9230-9FD2C8DE84DE}.Release|x86.ActiveCfg = Release|Any CPU
		{BF9617B3-7A70-4FF6-9230-9FD2C8DE84DE}.Release|x86.Build.0 = Release|Any CPU
		{5BEB990F-ABDF-47D6-ABE1-84FE8E95B6EA}.Debug|Any CPU.ActiveCfg = Debug|Any CPU
		{5BEB990F-ABDF-47D6-ABE1-84FE8E95B6EA}.Debug|Any CPU.Build.0 = Debug|Any CPU
		{5BEB990F-ABDF-47D6-ABE1-84FE8E95B6EA}.Debug|x64.ActiveCfg = Debug|Any CPU
		{5BEB990F-ABDF-47D6-ABE1-84FE8E95B6EA}.Debug|x64.Build.0 = Debug|Any CPU
		{5BEB990F-ABDF-47D6-ABE1-84FE8E95B6EA}.Debug|x86.ActiveCfg = Debug|Any CPU
		{5BEB990F-ABDF-47D6-ABE1-84FE8E95B6EA}.Debug|x86.Build.0 = Debug|Any CPU
		{5BEB990F-ABDF-47D6-ABE1-84FE8E95B6EA}.Release|Any CPU.ActiveCfg = Release|Any CPU
		{5BEB990F-ABDF-47D6-ABE1-84FE8E95B6EA}.Release|Any CPU.Build.0 = Release|Any CPU
		{5BEB990F-ABDF-47D6-ABE1-84FE8E95B6EA}.Release|x64.ActiveCfg = Release|Any CPU
		{5BEB990F-ABDF-47D6-ABE1-84FE8E95B6EA}.Release|x64.Build.0 = Release|Any CPU
		{5BEB990F-ABDF-47D6-ABE1-84FE8E95B6EA}.Release|x86.ActiveCfg = Release|Any CPU
		{5BEB990F-ABDF-47D6-ABE1-84FE8E95B6EA}.Release|x86.Build.0 = Release|Any CPU
		{3DCDBD7C-58D4-465E-89BB-DF53B8CECB9F}.Debug|Any CPU.ActiveCfg = Debug|Any CPU
		{3DCDBD7C-58D4-465E-89BB-DF53B8CECB9F}.Debug|Any CPU.Build.0 = Debug|Any CPU
		{3DCDBD7C-58D4-465E-89BB-DF53B8CECB9F}.Debug|x64.ActiveCfg = Debug|Any CPU
		{3DCDBD7C-58D4-465E-89BB-DF53B8CECB9F}.Debug|x64.Build.0 = Debug|Any CPU
		{3DCDBD7C-58D4-465E-89BB-DF53B8CECB9F}.Debug|x86.ActiveCfg = Debug|Any CPU
		{3DCDBD7C-58D4-465E-89BB-DF53B8CECB9F}.Debug|x86.Build.0 = Debug|Any CPU
		{3DCDBD7C-58D4-465E-89BB-DF53B8CECB9F}.Release|Any CPU.ActiveCfg = Release|Any CPU
		{3DCDBD7C-58D4-465E-89BB-DF53B8CECB9F}.Release|Any CPU.Build.0 = Release|Any CPU
		{3DCDBD7C-58D4-465E-89BB-DF53B8CECB9F}.Release|x64.ActiveCfg = Release|Any CPU
		{3DCDBD7C-58D4-465E-89BB-DF53B8CECB9F}.Release|x64.Build.0 = Release|Any CPU
		{3DCDBD7C-58D4-465E-89BB-DF53B8CECB9F}.Release|x86.ActiveCfg = Release|Any CPU
		{3DCDBD7C-58D4-465E-89BB-DF53B8CECB9F}.Release|x86.Build.0 = Release|Any CPU
		{F4D4F1A8-7E43-4708-9AB0-D1BA1D6F4B2A}.Debug|Any CPU.ActiveCfg = Debug|Any CPU
		{F4D4F1A8-7E43-4708-9AB0-D1BA1D6F4B2A}.Debug|Any CPU.Build.0 = Debug|Any CPU
		{F4D4F1A8-7E43-4708-9AB0-D1BA1D6F4B2A}.Debug|x64.ActiveCfg = Debug|Any CPU
		{F4D4F1A8-7E43-4708-9AB0-D1BA1D6F4B2A}.Debug|x64.Build.0 = Debug|Any CPU
		{F4D4F1A8-7E43-4708-9AB0-D1BA1D6F4B2A}.Debug|x86.ActiveCfg = Debug|Any CPU
		{F4D4F1A8-7E43-4708-9AB0-D1BA1D6F4B2A}.Debug|x86.Build.0 = Debug|Any CPU
		{F4D4F1A8-7E43-4708-9AB0-D1BA1D6F4B2A}.Release|Any CPU.ActiveCfg = Release|Any CPU
		{F4D4F1A8-7E43-4708-9AB0-D1BA1D6F4B2A}.Release|Any CPU.Build.0 = Release|Any CPU
		{F4D4F1A8-7E43-4708-9AB0-D1BA1D6F4B2A}.Release|x64.ActiveCfg = Release|Any CPU
		{F4D4F1A8-7E43-4708-9AB0-D1BA1D6F4B2A}.Release|x64.Build.0 = Release|Any CPU
		{F4D4F1A8-7E43-4708-9AB0-D1BA1D6F4B2A}.Release|x86.ActiveCfg = Release|Any CPU
		{F4D4F1A8-7E43-4708-9AB0-D1BA1D6F4B2A}.Release|x86.Build.0 = Release|Any CPU
		{A1293F1E-6743-4641-8ACC-E266351A436C}.Debug|Any CPU.ActiveCfg = Debug|Any CPU
		{A1293F1E-6743-4641-8ACC-E266351A436C}.Debug|Any CPU.Build.0 = Debug|Any CPU
		{A1293F1E-6743-4641-8ACC-E266351A436C}.Debug|x64.ActiveCfg = Debug|Any CPU
		{A1293F1E-6743-4641-8ACC-E266351A436C}.Debug|x64.Build.0 = Debug|Any CPU
		{A1293F1E-6743-4641-8ACC-E266351A436C}.Debug|x86.ActiveCfg = Debug|Any CPU
		{A1293F1E-6743-4641-8ACC-E266351A436C}.Debug|x86.Build.0 = Debug|Any CPU
		{A1293F1E-6743-4641-8ACC-E266351A436C}.Release|Any CPU.ActiveCfg = Release|Any CPU
		{A1293F1E-6743-4641-8ACC-E266351A436C}.Release|Any CPU.Build.0 = Release|Any CPU
		{A1293F1E-6743-4641-8ACC-E266351A436C}.Release|x64.ActiveCfg = Release|Any CPU
		{A1293F1E-6743-4641-8ACC-E266351A436C}.Release|x64.Build.0 = Release|Any CPU
		{A1293F1E-6743-4641-8ACC-E266351A436C}.Release|x86.ActiveCfg = Release|Any CPU
		{A1293F1E-6743-4641-8ACC-E266351A436C}.Release|x86.Build.0 = Release|Any CPU
		{27EA1132-8F80-4B1C-A49E-606A71507786}.Debug|Any CPU.ActiveCfg = Debug|Any CPU
		{27EA1132-8F80-4B1C-A49E-606A71507786}.Debug|Any CPU.Build.0 = Debug|Any CPU
		{27EA1132-8F80-4B1C-A49E-606A71507786}.Debug|x64.ActiveCfg = Debug|Any CPU
		{27EA1132-8F80-4B1C-A49E-606A71507786}.Debug|x64.Build.0 = Debug|Any CPU
		{27EA1132-8F80-4B1C-A49E-606A71507786}.Debug|x86.ActiveCfg = Debug|Any CPU
		{27EA1132-8F80-4B1C-A49E-606A71507786}.Debug|x86.Build.0 = Debug|Any CPU
		{27EA1132-8F80-4B1C-A49E-606A71507786}.Release|Any CPU.ActiveCfg = Release|Any CPU
		{27EA1132-8F80-4B1C-A49E-606A71507786}.Release|Any CPU.Build.0 = Release|Any CPU
		{27EA1132-8F80-4B1C-A49E-606A71507786}.Release|x64.ActiveCfg = Release|Any CPU
		{27EA1132-8F80-4B1C-A49E-606A71507786}.Release|x64.Build.0 = Release|Any CPU
		{27EA1132-8F80-4B1C-A49E-606A71507786}.Release|x86.ActiveCfg = Release|Any CPU
		{27EA1132-8F80-4B1C-A49E-606A71507786}.Release|x86.Build.0 = Release|Any CPU
		{09870550-091B-4B9B-BC9B-B2123BB7E7ED}.Debug|Any CPU.ActiveCfg = Debug|Any CPU
		{09870550-091B-4B9B-BC9B-B2123BB7E7ED}.Debug|Any CPU.Build.0 = Debug|Any CPU
		{09870550-091B-4B9B-BC9B-B2123BB7E7ED}.Debug|x64.ActiveCfg = Debug|Any CPU
		{09870550-091B-4B9B-BC9B-B2123BB7E7ED}.Debug|x64.Build.0 = Debug|Any CPU
		{09870550-091B-4B9B-BC9B-B2123BB7E7ED}.Debug|x86.ActiveCfg = Debug|Any CPU
		{09870550-091B-4B9B-BC9B-B2123BB7E7ED}.Debug|x86.Build.0 = Debug|Any CPU
		{09870550-091B-4B9B-BC9B-B2123BB7E7ED}.Release|Any CPU.ActiveCfg = Release|Any CPU
		{09870550-091B-4B9B-BC9B-B2123BB7E7ED}.Release|Any CPU.Build.0 = Release|Any CPU
		{09870550-091B-4B9B-BC9B-B2123BB7E7ED}.Release|x64.ActiveCfg = Release|Any CPU
		{09870550-091B-4B9B-BC9B-B2123BB7E7ED}.Release|x64.Build.0 = Release|Any CPU
		{09870550-091B-4B9B-BC9B-B2123BB7E7ED}.Release|x86.ActiveCfg = Release|Any CPU
		{09870550-091B-4B9B-BC9B-B2123BB7E7ED}.Release|x86.Build.0 = Release|Any CPU
		{03618EB1-2731-447E-A882-96B13F0D55F2}.Debug|Any CPU.ActiveCfg = Debug|x64
		{03618EB1-2731-447E-A882-96B13F0D55F2}.Debug|Any CPU.Build.0 = Debug|x64
		{03618EB1-2731-447E-A882-96B13F0D55F2}.Debug|x64.ActiveCfg = Debug|x64
		{03618EB1-2731-447E-A882-96B13F0D55F2}.Debug|x64.Build.0 = Debug|x64
		{03618EB1-2731-447E-A882-96B13F0D55F2}.Debug|x86.ActiveCfg = Debug|x64
		{03618EB1-2731-447E-A882-96B13F0D55F2}.Debug|x86.Build.0 = Debug|x64
		{03618EB1-2731-447E-A882-96B13F0D55F2}.Release|Any CPU.ActiveCfg = Release|x64
		{03618EB1-2731-447E-A882-96B13F0D55F2}.Release|Any CPU.Build.0 = Release|x64
		{03618EB1-2731-447E-A882-96B13F0D55F2}.Release|x64.ActiveCfg = Release|x64
		{03618EB1-2731-447E-A882-96B13F0D55F2}.Release|x64.Build.0 = Release|x64
		{03618EB1-2731-447E-A882-96B13F0D55F2}.Release|x86.ActiveCfg = Release|x64
		{03618EB1-2731-447E-A882-96B13F0D55F2}.Release|x86.Build.0 = Release|x64
	EndGlobalSection
	GlobalSection(SolutionProperties) = preSolution
		HideSolutionNode = FALSE
	EndGlobalSection
	GlobalSection(NestedProjects) = preSolution
		{0BC4E813-58E3-44FA-B196-641F11ABE59D} = {0AB3BF05-4346-4AA6-1389-037BE0695223}
		{6F4AA835-7D6C-4B91-8D0A-0D18D4DD0E57} = {0AB3BF05-4346-4AA6-1389-037BE0695223}
		{EAEC73D7-5EE6-4AB7-A578-41BA02FEF5EB} = {827E0CD3-B72D-47B6-A68D-7590B98EB39B}
		{B89061D2-1634-4573-923A-26C29E671D54} = {827E0CD3-B72D-47B6-A68D-7590B98EB39B}
		{D679C6EE-EE8C-4DD2-BFD7-5D538C74EBAF} = {827E0CD3-B72D-47B6-A68D-7590B98EB39B}
		{BDA290B9-3A17-428D-8EC0-8B563A11979F} = {827E0CD3-B72D-47B6-A68D-7590B98EB39B}
		{B7CB65E2-82DB-4F28-8FB8-8D018DBEFA5B} = {827E0CD3-B72D-47B6-A68D-7590B98EB39B}
		{7E552674-AFB6-4DAA-BDF4-B3A06F9584E7} = {827E0CD3-B72D-47B6-A68D-7590B98EB39B}
		{C307B044-F4D8-48C9-90A2-C474577A00EB} = {0AB3BF05-4346-4AA6-1389-037BE0695223}
		{1E750EE8-B7F2-480A-AD3B-AC5A9510865D} = {0AB3BF05-4346-4AA6-1389-037BE0695223}
		{4545AF62-60A0-4D8F-B645-1BE73629707B} = {827E0CD3-B72D-47B6-A68D-7590B98EB39B}
		{BF9617B3-7A70-4FF6-9230-9FD2C8DE84DE} = {827E0CD3-B72D-47B6-A68D-7590B98EB39B}
		{5BEB990F-ABDF-47D6-ABE1-84FE8E95B6EA} = {827E0CD3-B72D-47B6-A68D-7590B98EB39B}
		{3DCDBD7C-58D4-465E-89BB-DF53B8CECB9F} = {827E0CD3-B72D-47B6-A68D-7590B98EB39B}
		{F4D4F1A8-7E43-4708-9AB0-D1BA1D6F4B2A} = {827E0CD3-B72D-47B6-A68D-7590B98EB39B}
		{A1293F1E-6743-4641-8ACC-E266351A436C} = {0AB3BF05-4346-4AA6-1389-037BE0695223}
		{27EA1132-8F80-4B1C-A49E-606A71507786} = {0AB3BF05-4346-4AA6-1389-037BE0695223}
		{09870550-091B-4B9B-BC9B-B2123BB7E7ED} = {827E0CD3-B72D-47B6-A68D-7590B98EB39B}
		{03618EB1-2731-447E-A882-96B13F0D55F2} = {0AB3BF05-4346-4AA6-1389-037BE0695223}
	EndGlobalSection
EndGlobal
